PODS:
  - AppAuth (1.6.0):
    - AppAuth/Core (= 1.6.0)
    - AppAuth/ExternalUserAgent (= 1.6.0)
  - AppAuth/Core (1.6.0)
  - AppAuth/ExternalUserAgent (1.6.0):
    - AppAuth/Core

DEPENDENCIES:
  - AppAuth (~> 1.6.0)

SPEC REPOS:
  trunk:
    - AppAuth

SPEC CHECKSUMS:
  AppAuth: 8fca6b5563a5baef2c04bee27538025e4ceb2add

PODFILE CHECKSUM: a24223bb77c9d51d8511477d63fe9d6872bba4a5

COCOAPODS: 1.11.3
